// !$*UTF8*$!
{
	archiveVersion = 1;
	classes = {
	};
	objectVersion = 56;
	objects = {

/* Begin PBXBuildFile section */
		EA0D42B72E0C431200E85E3E /* Array.swift in Sources */ = {isa = PBXBuildFile; fileRef = EA0D42B62E0C431100E85E3E /* Array.swift */; };
		EA109EF42E0E69B0000ADE6D /* CameraView.swift in Sources */ = {isa = PBXBuildFile; fileRef = EA109EF32E0E69B0000ADE6D /* CameraView.swift */; };
		EA109EF62E0E74BF000ADE6D /* LocalFileManager.swift in Sources */ = {isa = PBXBuildFile; fileRef = EA109EF52E0E74BF000ADE6D /* LocalFileManager.swift */; };
		EA109EF82E0EAB7E000ADE6D /* KeychainManager.swift in Sources */ = {isa = PBXBuildFile; fileRef = EA109EF72E0EAB71000ADE6D /* KeychainManager.swift */; };
		EA1EA1A02C94DF890005A490 /* NewPasswordError.swift in Sources */ = {isa = PBXBuildFile; fileRef = EA1EA19F2C94DF890005A490 /* NewPasswordError.swift */; };
		EA1EA1A22C94E2360005A490 /* PokemonTabView.swift in Sources */ = {isa = PBXBuildFile; fileRef = EA1EA1A12C94E2360005A490 /* PokemonTabView.swift */; };
		EA1EA1A52C94E2510005A490 /* PokemonListView.swift in Sources */ = {isa = PBXBuildFile; fileRef = EA1EA1A42C94E2510005A490 /* PokemonListView.swift */; };
		EA1EA1A72C94E2620005A490 /* PokemonDetailView.swift in Sources */ = {isa = PBXBuildFile; fileRef = EA1EA1A62C94E2620005A490 /* PokemonDetailView.swift */; };
		EA1EA1A92C9E970C0005A490 /* PokemonData.swift in Sources */ = {isa = PBXBuildFile; fileRef = EA1EA1A82C9E970C0005A490 /* PokemonData.swift */; };
		EA1EA1AD2C9FEB1C0005A490 /* PokemonListVIewModel.swift in Sources */ = {isa = PBXBuildFile; fileRef = EA1EA1AC2C9FEB1C0005A490 /* PokemonListVIewModel.swift */; };
		EA1EA1AF2C9FEB860005A490 /* Network.swift in Sources */ = {isa = PBXBuildFile; fileRef = EA1EA1AE2C9FEB860005A490 /* Network.swift */; };
		EAAA59BF2E0D17E8000EDC69 /* PokemonDetailViewModel.swift in Sources */ = {isa = PBXBuildFile; fileRef = EAAA59BE2E0D17E8000EDC69 /* PokemonDetailViewModel.swift */; };
		EAAA59C42E0D5600000EDC69 /* ProfileView.swift in Sources */ = {isa = PBXBuildFile; fileRef = EAAA59C32E0D5600000EDC69 /* ProfileView.swift */; };
		EAAA59C62E0D5B88000EDC69 /* ProfileViewModel.swift in Sources */ = {isa = PBXBuildFile; fileRef = EAAA59C52E0D5B88000EDC69 /* ProfileViewModel.swift */; };
		EACE6CB42E11489B00AB4412 /* NotificationManager.swift in Sources */ = {isa = PBXBuildFile; fileRef = EACE6CB32E11489B00AB4412 /* NotificationManager.swift */; };
		EAEC4C872C7F8FBD00B95F5E /* PokemonApp.swift in Sources */ = {isa = PBXBuildFile; fileRef = EAEC4C862C7F8FBD00B95F5E /* PokemonApp.swift */; };
		EAEC4C892C7F8FBD00B95F5E /* LoginView.swift in Sources */ = {isa = PBXBuildFile; fileRef = EAEC4C882C7F8FBD00B95F5E /* LoginView.swift */; };
		EAEC4C8B2C7F8FC000B95F5E /* Assets.xcassets in Resources */ = {isa = PBXBuildFile; fileRef = EAEC4C8A2C7F8FC000B95F5E /* Assets.xcassets */; };
		EAEC4C8E2C7F8FC000B95F5E /* Preview Assets.xcassets in Resources */ = {isa = PBXBuildFile; fileRef = EAEC4C8D2C7F8FC000B95F5E /* Preview Assets.xcassets */; };
		EAEC4C952C7F920C00B95F5E /* Color.swift in Sources */ = {isa = PBXBuildFile; fileRef = EAEC4C942C7F920C00B95F5E /* Color.swift */; };
		EAEC4C992C7F953100B95F5E /* Textfield.swift in Sources */ = {isa = PBXBuildFile; fileRef = EAEC4C982C7F953100B95F5E /* Textfield.swift */; };
		EAEC4C9B2C7F989100B95F5E /* CustomButton.swift in Sources */ = {isa = PBXBuildFile; fileRef = EAEC4C9A2C7F989100B95F5E /* CustomButton.swift */; };
		EAEC4C9D2C7F9C1100B95F5E /* SignUpView.swift in Sources */ = {isa = PBXBuildFile; fileRef = EAEC4C9C2C7F9C1100B95F5E /* SignUpView.swift */; };
		EAEC4CA12C82415F00B95F5E /* Constants.swift in Sources */ = {isa = PBXBuildFile; fileRef = EAEC4CA02C82415F00B95F5E /* Constants.swift */; };
		EAEC4CA32C831A6F00B95F5E /* ForgotPasswordView.swift in Sources */ = {isa = PBXBuildFile; fileRef = EAEC4CA22C831A6F00B95F5E /* ForgotPasswordView.swift */; };
		EAEC4CA52C831B2500B95F5E /* OTP View.swift in Sources */ = {isa = PBXBuildFile; fileRef = EAEC4CA42C831B2500B95F5E /* OTP View.swift */; };
		EAEC4CA72C831BE500B95F5E /* NewPasswordView.swift in Sources */ = {isa = PBXBuildFile; fileRef = EAEC4CA62C831BE500B95F5E /* NewPasswordView.swift */; };
		EAFECDD02C8C7D0B00C71107 /* ContentView.swift in Sources */ = {isa = PBXBuildFile; fileRef = EAFECDCF2C8C7D0B00C71107 /* ContentView.swift */; };
		EAFECDD42C8C7E0C00C71107 /* LoginViewModel.swift in Sources */ = {isa = PBXBuildFile; fileRef = EAFECDD32C8C7E0C00C71107 /* LoginViewModel.swift */; };
		EAFECDD72C8C7F1300C71107 /* User.swift in Sources */ = {isa = PBXBuildFile; fileRef = EAFECDD62C8C7F1300C71107 /* User.swift */; };
		EAFECDD92C8CE27700C71107 /* SignUpViewModel.swift in Sources */ = {isa = PBXBuildFile; fileRef = EAFECDD82C8CE27700C71107 /* SignUpViewModel.swift */; };
		EAFECDDB2C8CE65D00C71107 /* ForgotPasswordViewModel.swift in Sources */ = {isa = PBXBuildFile; fileRef = EAFECDDA2C8CE65D00C71107 /* ForgotPasswordViewModel.swift */; };
/* End PBXBuildFile section */

/* Begin PBXFileReference section */
		EA0D42B62E0C431100E85E3E /* Array.swift */ = {isa = PBXFileReference; lastKnownFileType = sourcecode.swift; path = Array.swift; sourceTree = "<group>"; };
		EA109EF32E0E69B0000ADE6D /* CameraView.swift */ = {isa = PBXFileReference; lastKnownFileType = sourcecode.swift; path = CameraView.swift; sourceTree = "<group>"; };
		EA109EF52E0E74BF000ADE6D /* LocalFileManager.swift */ = {isa = PBXFileReference; lastKnownFileType = sourcecode.swift; path = LocalFileManager.swift; sourceTree = "<group>"; };
		EA109EF72E0EAB71000ADE6D /* KeychainManager.swift */ = {isa = PBXFileReference; lastKnownFileType = sourcecode.swift; path = KeychainManager.swift; sourceTree = "<group>"; };
		EA1EA19F2C94DF890005A490 /* NewPasswordError.swift */ = {isa = PBXFileReference; lastKnownFileType = sourcecode.swift; path = NewPasswordError.swift; sourceTree = "<group>"; };
		EA1EA1A12C94E2360005A490 /* PokemonTabView.swift */ = {isa = PBXFileReference; lastKnownFileType = sourcecode.swift; path = PokemonTabView.swift; sourceTree = "<group>"; };
		EA1EA1A42C94E2510005A490 /* PokemonListView.swift */ = {isa = PBXFileReference; lastKnownFileType = sourcecode.swift; path = PokemonListView.swift; sourceTree = "<group>"; };
		EA1EA1A62C94E2620005A490 /* PokemonDetailView.swift */ = {isa = PBXFileReference; lastKnownFileType = sourcecode.swift; path = PokemonDetailView.swift; sourceTree = "<group>"; };
		EA1EA1A82C9E970C0005A490 /* PokemonData.swift */ = {isa = PBXFileReference; lastKnownFileType = sourcecode.swift; path = PokemonData.swift; sourceTree = "<group>"; };
		EA1EA1AC2C9FEB1C0005A490 /* PokemonListVIewModel.swift */ = {isa = PBXFileReference; lastKnownFileType = sourcecode.swift; path = PokemonListVIewModel.swift; sourceTree = "<group>"; };
		EA1EA1AE2C9FEB860005A490 /* Network.swift */ = {isa = PBXFileReference; lastKnownFileType = sourcecode.swift; path = Network.swift; sourceTree = "<group>"; };
		EAAA59BE2E0D17E8000EDC69 /* PokemonDetailViewModel.swift */ = {isa = PBXFileReference; lastKnownFileType = sourcecode.swift; path = PokemonDetailViewModel.swift; sourceTree = "<group>"; };
		EAAA59C32E0D5600000EDC69 /* ProfileView.swift */ = {isa = PBXFileReference; lastKnownFileType = sourcecode.swift; path = ProfileView.swift; sourceTree = "<group>"; };
		EAAA59C52E0D5B88000EDC69 /* ProfileViewModel.swift */ = {isa = PBXFileReference; lastKnownFileType = sourcecode.swift; path = ProfileViewModel.swift; sourceTree = "<group>"; };
		EACE6CB32E11489B00AB4412 /* NotificationManager.swift */ = {isa = PBXFileReference; lastKnownFileType = sourcecode.swift; path = NotificationManager.swift; sourceTree = "<group>"; };
		EAEC4C832C7F8FBD00B95F5E /* Pokemon.app */ = {isa = PBXFileReference; explicitFileType = wrapper.application; includeInIndex = 0; path = Pokemon.app; sourceTree = BUILT_PRODUCTS_DIR; };
		EAEC4C862C7F8FBD00B95F5E /* PokemonApp.swift */ = {isa = PBXFileReference; lastKnownFileType = sourcecode.swift; path = PokemonApp.swift; sourceTree = "<group>"; };
		EAEC4C882C7F8FBD00B95F5E /* LoginView.swift */ = {isa = PBXFileReference; lastKnownFileType = sourcecode.swift; path = LoginView.swift; sourceTree = "<group>"; };
		EAEC4C8A2C7F8FC000B95F5E /* Assets.xcassets */ = {isa = PBXFileReference; lastKnownFileType = folder.assetcatalog; path = Assets.xcassets; sourceTree = "<group>"; };
		EAEC4C8D2C7F8FC000B95F5E /* Preview Assets.xcassets */ = {isa = PBXFileReference; lastKnownFileType = folder.assetcatalog; path = "Preview Assets.xcassets"; sourceTree = "<group>"; };
		EAEC4C942C7F920C00B95F5E /* Color.swift */ = {isa = PBXFileReference; lastKnownFileType = sourcecode.swift; path = Color.swift; sourceTree = "<group>"; };
		EAEC4C982C7F953100B95F5E /* Textfield.swift */ = {isa = PBXFileReference; lastKnownFileType = sourcecode.swift; path = Textfield.swift; sourceTree = "<group>"; };
		EAEC4C9A2C7F989100B95F5E /* CustomButton.swift */ = {isa = PBXFileReference; lastKnownFileType = sourcecode.swift; path = CustomButton.swift; sourceTree = "<group>"; };
		EAEC4C9C2C7F9C1100B95F5E /* SignUpView.swift */ = {isa = PBXFileReference; lastKnownFileType = sourcecode.swift; path = SignUpView.swift; sourceTree = "<group>"; };
		EAEC4CA02C82415F00B95F5E /* Constants.swift */ = {isa = PBXFileReference; lastKnownFileType = sourcecode.swift; path = Constants.swift; sourceTree = "<group>"; };
		EAEC4CA22C831A6F00B95F5E /* ForgotPasswordView.swift */ = {isa = PBXFileReference; lastKnownFileType = sourcecode.swift; path = ForgotPasswordView.swift; sourceTree = "<group>"; };
		EAEC4CA42C831B2500B95F5E /* OTP View.swift */ = {isa = PBXFileReference; lastKnownFileType = sourcecode.swift; path = "OTP View.swift"; sourceTree = "<group>"; };
		EAEC4CA62C831BE500B95F5E /* NewPasswordView.swift */ = {isa = PBXFileReference; lastKnownFileType = sourcecode.swift; path = NewPasswordView.swift; sourceTree = "<group>"; };
		EAFECDCF2C8C7D0B00C71107 /* ContentView.swift */ = {isa = PBXFileReference; lastKnownFileType = sourcecode.swift; path = ContentView.swift; sourceTree = "<group>"; };
		EAFECDD32C8C7E0C00C71107 /* LoginViewModel.swift */ = {isa = PBXFileReference; lastKnownFileType = sourcecode.swift; path = LoginViewModel.swift; sourceTree = "<group>"; };
		EAFECDD62C8C7F1300C71107 /* User.swift */ = {isa = PBXFileReference; lastKnownFileType = sourcecode.swift; path = User.swift; sourceTree = "<group>"; };
		EAFECDD82C8CE27700C71107 /* SignUpViewModel.swift */ = {isa = PBXFileReference; lastKnownFileType = sourcecode.swift; path = SignUpViewModel.swift; sourceTree = "<group>"; };
		EAFECDDA2C8CE65D00C71107 /* ForgotPasswordViewModel.swift */ = {isa = PBXFileReference; lastKnownFileType = sourcecode.swift; path = ForgotPasswordViewModel.swift; sourceTree = "<group>"; };
/* End PBXFileReference section */

/* Begin PBXFrameworksBuildPhase section */
		EAEC4C802C7F8FBD00B95F5E /* Frameworks */ = {
			isa = PBXFrameworksBuildPhase;
			buildActionMask = 2147483647;
			files = (
			);
			runOnlyForDeploymentPostprocessing = 0;
		};
/* End PBXFrameworksBuildPhase section */

/* Begin PBXGroup section */
		EA109EF22E0E699D000ADE6D /* Profile */ = {
			isa = PBXGroup;
			children = (
				EAAA59C32E0D5600000EDC69 /* ProfileView.swift */,
				EA109EF32E0E69B0000ADE6D /* CameraView.swift */,
			);
			path = Profile;
			sourceTree = "<group>";
		};
		EA1EA1A32C94E23F0005A490 /* Tab Views */ = {
			isa = PBXGroup;
			children = (
				EA1EA1A12C94E2360005A490 /* PokemonTabView.swift */,
				EA109EF22E0E699D000ADE6D /* Profile */,
				EAAA59C22E0D46D3000EDC69 /* Pokemon List View */,
			);
			path = "Tab Views";
			sourceTree = "<group>";
		};
		EA1EA1AA2C9FEADE0005A490 /* Login models */ = {
			isa = PBXGroup;
			children = (
				EAFECDD32C8C7E0C00C71107 /* LoginViewModel.swift */,
				EAFECDD82C8CE27700C71107 /* SignUpViewModel.swift */,
				EAFECDDA2C8CE65D00C71107 /* ForgotPasswordViewModel.swift */,
			);
			path = "Login models";
			sourceTree = "<group>";
		};
		EA1EA1AB2C9FEAE60005A490 /* Pokemon  models */ = {
			isa = PBXGroup;
			children = (
				EA1EA1AC2C9FEB1C0005A490 /* PokemonListVIewModel.swift */,
				EAAA59BE2E0D17E8000EDC69 /* PokemonDetailViewModel.swift */,
				EAAA59C52E0D5B88000EDC69 /* ProfileViewModel.swift */,
			);
			path = "Pokemon  models";
			sourceTree = "<group>";
		};
		EAAA59C22E0D46D3000EDC69 /* Pokemon List View */ = {
			isa = PBXGroup;
			children = (
				EA1EA1A42C94E2510005A490 /* PokemonListView.swift */,
				EA1EA1A62C94E2620005A490 /* PokemonDetailView.swift */,
			);
			path = "Pokemon List View";
			sourceTree = "<group>";
		};
		EAEC4C7A2C7F8FBD00B95F5E = {
			isa = PBXGroup;
			children = (
				EAEC4C852C7F8FBD00B95F5E /* Pokemon */,
				EAEC4C842C7F8FBD00B95F5E /* Products */,
			);
			sourceTree = "<group>";
		};
		EAEC4C842C7F8FBD00B95F5E /* Products */ = {
			isa = PBXGroup;
			children = (
				EAEC4C832C7F8FBD00B95F5E /* Pokemon.app */,
			);
			name = Products;
			sourceTree = "<group>";
		};
		EAEC4C852C7F8FBD00B95F5E /* Pokemon */ = {
			isa = PBXGroup;
			children = (
				EAEC4C862C7F8FBD00B95F5E /* PokemonApp.swift */,
				EAEC4C9F2C82414700B95F5E /* Helpers */,
				EAEC4C962C7F934000B95F5E /* Extensions */,
				EAFECDD52C8C7F0400C71107 /* Models */,
				EAFECDD22C8C7DED00C71107 /* View Models */,
				EAEC4C972C7F951400B95F5E /* Views */,
				EAEC4C8A2C7F8FC000B95F5E /* Assets.xcassets */,
				EAEC4C8C2C7F8FC000B95F5E /* Preview Content */,
			);
			path = Pokemon;
			sourceTree = "<group>";
		};
		EAEC4C8C2C7F8FC000B95F5E /* Preview Content */ = {
			isa = PBXGroup;
			children = (
				EAEC4C8D2C7F8FC000B95F5E /* Preview Assets.xcassets */,
			);
			path = "Preview Content";
			sourceTree = "<group>";
		};
		EAEC4C962C7F934000B95F5E /* Extensions */ = {
			isa = PBXGroup;
			children = (
				EAEC4C942C7F920C00B95F5E /* Color.swift */,
				EA0D42B62E0C431100E85E3E /* Array.swift */,
			);
			path = Extensions;
			sourceTree = "<group>";
		};
		EAEC4C972C7F951400B95F5E /* Views */ = {
			isa = PBXGroup;
			children = (
				EAFECDCF2C8C7D0B00C71107 /* ContentView.swift */,
				EAFECDD12C8C7D1600C71107 /* Login views */,
				EA1EA1A32C94E23F0005A490 /* Tab Views */,
			);
			path = Views;
			sourceTree = "<group>";
		};
		EAEC4C9E2C82413700B95F5E /* Helper Views */ = {
			isa = PBXGroup;
			children = (
				EAEC4C9A2C7F989100B95F5E /* CustomButton.swift */,
				EAEC4C982C7F953100B95F5E /* Textfield.swift */,
			);
			path = "Helper Views";
			sourceTree = "<group>";
		};
		EAEC4C9F2C82414700B95F5E /* Helpers */ = {
			isa = PBXGroup;
			children = (
				EA109EF72E0EAB71000ADE6D /* KeychainManager.swift */,
				EAEC4CA02C82415F00B95F5E /* Constants.swift */,
				EA1EA19F2C94DF890005A490 /* NewPasswordError.swift */,
				EA1EA1AE2C9FEB860005A490 /* Network.swift */,
				EA109EF52E0E74BF000ADE6D /* LocalFileManager.swift */,
				EACE6CB32E11489B00AB4412 /* NotificationManager.swift */,
			);
			path = Helpers;
			sourceTree = "<group>";
		};
		EAFECDD12C8C7D1600C71107 /* Login views */ = {
			isa = PBXGroup;
			children = (
				EAEC4C882C7F8FBD00B95F5E /* LoginView.swift */,
				EAEC4C9C2C7F9C1100B95F5E /* SignUpView.swift */,
				EAEC4CA22C831A6F00B95F5E /* ForgotPasswordView.swift */,
				EAEC4CA42C831B2500B95F5E /* OTP View.swift */,
				EAEC4CA62C831BE500B95F5E /* NewPasswordView.swift */,
				EAEC4C9E2C82413700B95F5E /* Helper Views */,
			);
			path = "Login views";
			sourceTree = "<group>";
		};
		EAFECDD22C8C7DED00C71107 /* View Models */ = {
			isa = PBXGroup;
			children = (
				EA1EA1AB2C9FEAE60005A490 /* Pokemon  models */,
				EA1EA1AA2C9FEADE0005A490 /* Login models */,
			);
			path = "View Models";
			sourceTree = "<group>";
		};
		EAFECDD52C8C7F0400C71107 /* Models */ = {
			isa = PBXGroup;
			children = (
				EAFECDD62C8C7F1300C71107 /* User.swift */,
				EA1EA1A82C9E970C0005A490 /* PokemonData.swift */,
			);
			path = Models;
			sourceTree = "<group>";
		};
/* End PBXGroup section */

/* Begin PBXNativeTarget section */
		EAEC4C822C7F8FBD00B95F5E /* Pokemon */ = {
			isa = PBXNativeTarget;
			buildConfigurationList = EAEC4C912C7F8FC000B95F5E /* Build configuration list for PBXNativeTarget "Pokemon" */;
			buildPhases = (
				EAEC4C7F2C7F8FBD00B95F5E /* Sources */,
				EAEC4C802C7F8FBD00B95F5E /* Frameworks */,
				EAEC4C812C7F8FBD00B95F5E /* Resources */,
			);
			buildRules = (
			);
			dependencies = (
			);
			name = Pokemon;
			productName = Pokemon;
			productReference = EAEC4C832C7F8FBD00B95F5E /* Pokemon.app */;
			productType = "com.apple.product-type.application";
		};
/* End PBXNativeTarget section */

/* Begin PBXProject section */
		EAEC4C7B2C7F8FBD00B95F5E /* Project object */ = {
			isa = PBXProject;
			attributes = {
				BuildIndependentTargetsInParallel = 1;
				LastSwiftUpdateCheck = 1540;
				LastUpgradeCheck = 1540;
				TargetAttributes = {
					EAEC4C822C7F8FBD00B95F5E = {
						CreatedOnToolsVersion = 15.4;
					};
				};
			};
			buildConfigurationList = EAEC4C7E2C7F8FBD00B95F5E /* Build configuration list for PBXProject "Pokemon" */;
			compatibilityVersion = "Xcode 14.0";
			developmentRegion = en;
			hasScannedForEncodings = 0;
			knownRegions = (
				en,
				Base,
			);
			mainGroup = EAEC4C7A2C7F8FBD00B95F5E;
			packageReferences = (
			);
			productRefGroup = EAEC4C842C7F8FBD00B95F5E /* Products */;
			projectDirPath = "";
			projectRoot = "";
			targets = (
				EAEC4C822C7F8FBD00B95F5E /* Pokemon */,
			);
		};
/* End PBXProject section */

/* Begin PBXResourcesBuildPhase section */
		EAEC4C812C7F8FBD00B95F5E /* Resources */ = {
			isa = PBXResourcesBuildPhase;
			buildActionMask = 2147483647;
			files = (
				EAEC4C8E2C7F8FC000B95F5E /* Preview Assets.xcassets in Resources */,
				EAEC4C8B2C7F8FC000B95F5E /* Assets.xcassets in Resources */,
			);
			runOnlyForDeploymentPostprocessing = 0;
		};
/* End PBXResourcesBuildPhase section */

/* Begin PBXSourcesBuildPhase section */
		EAEC4C7F2C7F8FBD00B95F5E /* Sources */ = {
			isa = PBXSourcesBuildPhase;
			buildActionMask = 2147483647;
			files = (
				EAFECDD72C8C7F1300C71107 /* User.swift in Sources */,
				EA1EA1AD2C9FEB1C0005A490 /* PokemonListVIewModel.swift in Sources */,
				EAEC4C892C7F8FBD00B95F5E /* LoginView.swift in Sources */,
				EAFECDD02C8C7D0B00C71107 /* ContentView.swift in Sources */,
				EA1EA1A22C94E2360005A490 /* PokemonTabView.swift in Sources */,
				EAEC4C872C7F8FBD00B95F5E /* PokemonApp.swift in Sources */,
				EA0D42B72E0C431200E85E3E /* Array.swift in Sources */,
				EAAA59C42E0D5600000EDC69 /* ProfileView.swift in Sources */,
				EAFECDD92C8CE27700C71107 /* SignUpViewModel.swift in Sources */,
				EAEC4CA52C831B2500B95F5E /* OTP View.swift in Sources */,
				EAFECDDB2C8CE65D00C71107 /* ForgotPasswordViewModel.swift in Sources */,
				EAEC4CA32C831A6F00B95F5E /* ForgotPasswordView.swift in Sources */,
				EACE6CB42E11489B00AB4412 /* NotificationManager.swift in Sources */,
				EA1EA1A72C94E2620005A490 /* PokemonDetailView.swift in Sources */,
				EA109EF82E0EAB7E000ADE6D /* KeychainManager.swift in Sources */,
				EA1EA1A02C94DF890005A490 /* NewPasswordError.swift in Sources */,
				EAAA59C62E0D5B88000EDC69 /* ProfileViewModel.swift in Sources */,
				EAEC4CA72C831BE500B95F5E /* NewPasswordView.swift in Sources */,
				EAEC4C9D2C7F9C1100B95F5E /* SignUpView.swift in Sources */,
				EAEC4C952C7F920C00B95F5E /* Color.swift in Sources */,
				EAFECDD42C8C7E0C00C71107 /* LoginViewModel.swift in Sources */,
				EA1EA1AF2C9FEB860005A490 /* Network.swift in Sources */,
				EAEC4CA12C82415F00B95F5E /* Constants.swift in Sources */,
				EA109EF42E0E69B0000ADE6D /* CameraView.swift in Sources */,
				EAEC4C992C7F953100B95F5E /* Textfield.swift in Sources */,
				EA1EA1A52C94E2510005A490 /* PokemonListView.swift in Sources */,
				EAEC4C9B2C7F989100B95F5E /* CustomButton.swift in Sources */,
				EA1EA1A92C9E970C0005A490 /* PokemonData.swift in Sources */,
				EAAA59BF2E0D17E8000EDC69 /* PokemonDetailViewModel.swift in Sources */,
				EA109EF62E0E74BF000ADE6D /* LocalFileManager.swift in Sources */,
			);
			runOnlyForDeploymentPostprocessing = 0;
		};
/* End PBXSourcesBuildPhase section */

/* Begin XCBuildConfiguration section */
		EAEC4C8F2C7F8FC000B95F5E /* Debug */ = {
			isa = XCBuildConfiguration;
			buildSettings = {
				ALWAYS_SEARCH_USER_PATHS = NO;
				ASSETCATALOG_COMPILER_GENERATE_SWIFT_ASSET_SYMBOL_EXTENSIONS = YES;
				CLANG_ANALYZER_NONNULL = YES;
				CLANG_ANALYZER_NUMBER_OBJECT_CONVERSION = YES_AGGRESSIVE;
				CLANG_CXX_LANGUAGE_STANDARD = "gnu++20";
				CLANG_ENABLE_MODULES = YES;
				CLANG_ENABLE_OBJC_ARC = YES;
				CLANG_ENABLE_OBJC_WEAK = YES;
				CLANG_WARN_BLOCK_CAPTURE_AUTORELEASING = YES;
				CLANG_WARN_BOOL_CONVERSION = YES;
				CLANG_WARN_COMMA = YES;
				CLANG_WARN_CONSTANT_CONVERSION = YES;
				CLANG_WARN_DEPRECATED_OBJC_IMPLEMENTATIONS = YES;
				CLANG_WARN_DIRECT_OBJC_ISA_USAGE = YES_ERROR;
				CLANG_WARN_DOCUMENTATION_COMMENTS = YES;
				CLANG_WARN_EMPTY_BODY = YES;
				CLANG_WARN_ENUM_CONVERSION = YES;
				CLANG_WARN_INFINITE_RECURSION = YES;
				CLANG_WARN_INT_CONVERSION = YES;
				CLANG_WARN_NON_LITERAL_NULL_CONVERSION = YES;
				CLANG_WARN_OBJC_IMPLICIT_RETAIN_SELF = YES;
				CLANG_WARN_OBJC_LITERAL_CONVERSION = YES;
				CLANG_WARN_OBJC_ROOT_CLASS = YES_ERROR;
				CLANG_WARN_QUOTED_INCLUDE_IN_FRAMEWORK_HEADER = YES;
				CLANG_WARN_RANGE_LOOP_ANALYSIS = YES;
				CLANG_WARN_STRICT_PROTOTYPES = YES;
				CLANG_WARN_SUSPICIOUS_MOVE = YES;
				CLANG_WARN_UNGUARDED_AVAILABILITY = YES_AGGRESSIVE;
				CLANG_WARN_UNREACHABLE_CODE = YES;
				CLANG_WARN__DUPLICATE_METHOD_MATCH = YES;
				COPY_PHASE_STRIP = NO;
				DEBUG_INFORMATION_FORMAT = dwarf;
				ENABLE_STRICT_OBJC_MSGSEND = YES;
				ENABLE_TESTABILITY = YES;
				ENABLE_USER_SCRIPT_SANDBOXING = YES;
				GCC_C_LANGUAGE_STANDARD = gnu17;
				GCC_DYNAMIC_NO_PIC = NO;
				GCC_NO_COMMON_BLOCKS = YES;
				GCC_OPTIMIZATION_LEVEL = 0;
				GCC_PREPROCESSOR_DEFINITIONS = (
					"DEBUG=1",
					"$(inherited)",
				);
				GCC_WARN_64_TO_32_BIT_CONVERSION = YES;
				GCC_WARN_ABOUT_RETURN_TYPE = YES_ERROR;
				GCC_WARN_UNDECLARED_SELECTOR = YES;
				GCC_WARN_UNINITIALIZED_AUTOS = YES_AGGRESSIVE;
				GCC_WARN_UNUSED_FUNCTION = YES;
				GCC_WARN_UNUSED_VARIABLE = YES;
				IPHONEOS_DEPLOYMENT_TARGET = 17.5;
				LOCALIZATION_PREFERS_STRING_CATALOGS = YES;
				MTL_ENABLE_DEBUG_INFO = INCLUDE_SOURCE;
				MTL_FAST_MATH = YES;
				ONLY_ACTIVE_ARCH = YES;
				SDKROOT = iphoneos;
				SWIFT_ACTIVE_COMPILATION_CONDITIONS = "DEBUG $(inherited)";
				SWIFT_OPTIMIZATION_LEVEL = "-Onone";
			};
			name = Debug;
		};
		EAEC4C902C7F8FC000B95F5E /* Release */ = {
			isa = XCBuildConfiguration;
			buildSettings = {
				ALWAYS_SEARCH_USER_PATHS = NO;
				ASSETCATALOG_COMPILER_GENERATE_SWIFT_ASSET_SYMBOL_EXTENSIONS = YES;
				CLANG_ANALYZER_NONNULL = YES;
				CLANG_ANALYZER_NUMBER_OBJECT_CONVERSION = YES_AGGRESSIVE;
				CLANG_CXX_LANGUAGE_STANDARD = "gnu++20";
				CLANG_ENABLE_MODULES = YES;
				CLANG_ENABLE_OBJC_ARC = YES;
				CLANG_ENABLE_OBJC_WEAK = YES;
				CLANG_WARN_BLOCK_CAPTURE_AUTORELEASING = YES;
				CLANG_WARN_BOOL_CONVERSION = YES;
				CLANG_WARN_COMMA = YES;
				CLANG_WARN_CONSTANT_CONVERSION = YES;
				CLANG_WARN_DEPRECATED_OBJC_IMPLEMENTATIONS = YES;
				CLANG_WARN_DIRECT_OBJC_ISA_USAGE = YES_ERROR;
				CLANG_WARN_DOCUMENTATION_COMMENTS = YES;
				CLANG_WARN_EMPTY_BODY = YES;
				CLANG_WARN_ENUM_CONVERSION = YES;
				CLANG_WARN_INFINITE_RECURSION = YES;
				CLANG_WARN_INT_CONVERSION = YES;
				CLANG_WARN_NON_LITERAL_NULL_CONVERSION = YES;
				CLANG_WARN_OBJC_IMPLICIT_RETAIN_SELF = YES;
				CLANG_WARN_OBJC_LITERAL_CONVERSION = YES;
				CLANG_WARN_OBJC_ROOT_CLASS = YES_ERROR;
				CLANG_WARN_QUOTED_INCLUDE_IN_FRAMEWORK_HEADER = YES;
				CLANG_WARN_RANGE_LOOP_ANALYSIS = YES;
				CLANG_WARN_STRICT_PROTOTYPES = YES;
				CLANG_WARN_SUSPICIOUS_MOVE = YES;
				CLANG_WARN_UNGUARDED_AVAILABILITY = YES_AGGRESSIVE;
				CLANG_WARN_UNREACHABLE_CODE = YES;
				CLANG_WARN__DUPLICATE_METHOD_MATCH = YES;
				COPY_PHASE_STRIP = NO;
				DEBUG_INFORMATION_FORMAT = "dwarf-with-dsym";
				ENABLE_NS_ASSERTIONS = NO;
				ENABLE_STRICT_OBJC_MSGSEND = YES;
				ENABLE_USER_SCRIPT_SANDBOXING = YES;
				GCC_C_LANGUAGE_STANDARD = gnu17;
				GCC_NO_COMMON_BLOCKS = YES;
				GCC_WARN_64_TO_32_BIT_CONVERSION = YES;
				GCC_WARN_ABOUT_RETURN_TYPE = YES_ERROR;
				GCC_WARN_UNDECLARED_SELECTOR = YES;
				GCC_WARN_UNINITIALIZED_AUTOS = YES_AGGRESSIVE;
				GCC_WARN_UNUSED_FUNCTION = YES;
				GCC_WARN_UNUSED_VARIABLE = YES;
				IPHONEOS_DEPLOYMENT_TARGET = 17.5;
				LOCALIZATION_PREFERS_STRING_CATALOGS = YES;
				MTL_ENABLE_DEBUG_INFO = NO;
				MTL_FAST_MATH = YES;
				SDKROOT = iphoneos;
				SWIFT_COMPILATION_MODE = wholemodule;
				VALIDATE_PRODUCT = YES;
			};
			name = Release;
		};
		EAEC4C922C7F8FC000B95F5E /* Debug */ = {
			isa = XCBuildConfiguration;
			buildSettings = {
				ASSETCATALOG_COMPILER_APPICON_NAME = AppIcon;
				ASSETCATALOG_COMPILER_GLOBAL_ACCENT_COLOR_NAME = AccentColor;
				CODE_SIGN_STYLE = Automatic;
				CURRENT_PROJECT_VERSION = 1;
				DEVELOPMENT_ASSET_PATHS = "\"Pokemon/Preview Content\"";
				DEVELOPMENT_TEAM = Y6PAR6MMP9;
				ENABLE_PREVIEWS = YES;
				GENERATE_INFOPLIST_FILE = YES;
				INFOPLIST_KEY_UIApplicationSceneManifest_Generation = YES;
				INFOPLIST_KEY_UIApplicationSupportsIndirectInputEvents = YES;
				INFOPLIST_KEY_UILaunchScreen_Generation = YES;
				INFOPLIST_KEY_UISupportedInterfaceOrientations_iPad = "UIInterfaceOrientationPortrait UIInterfaceOrientationPortraitUpsideDown UIInterfaceOrientationLandscapeLeft UIInterfaceOrientationLandscapeRight";
				INFOPLIST_KEY_UISupportedInterfaceOrientations_iPhone = "UIInterfaceOrientationPortrait UIInterfaceOrientationLandscapeLeft UIInterfaceOrientationLandscapeRight";
				LD_RUNPATH_SEARCH_PATHS = (
					"$(inherited)",
					"@executable_path/Frameworks",
				);
				MARKETING_VERSION = 1.0;
				PRODUCT_BUNDLE_IDENTIFIER = "Abdul-Wahid.Pokemon";
				PRODUCT_NAME = "$(TARGET_NAME)";
				SWIFT_EMIT_LOC_STRINGS = YES;
				SWIFT_VERSION = 5.0;
				TARGETED_DEVICE_FAMILY = "1,2";
			};
			name = Debug;
		};
		EAEC4C932C7F8FC000B95F5E /* Release */ = {
			isa = XCBuildConfiguration;
			buildSettings = {
				ASSETCATALOG_COMPILER_APPICON_NAME = AppIcon;
				ASSETCATALOG_COMPILER_GLOBAL_ACCENT_COLOR_NAME = AccentColor;
				CODE_SIGN_STYLE = Automatic;
				CURRENT_PROJECT_VERSION = 1;
				DEVELOPMENT_ASSET_PATHS = "\"Pokemon/Preview Content\"";
				DEVELOPMENT_TEAM = Y6PAR6MMP9;
				ENABLE_PREVIEWS = YES;
				GENERATE_INFOPLIST_FILE = YES;
				INFOPLIST_KEY_UIApplicationSceneManifest_Generation = YES;
				INFOPLIST_KEY_UIApplicationSupportsIndirectInputEvents = YES;
				INFOPLIST_KEY_UILaunchScreen_Generation = YES;
				INFOPLIST_KEY_UISupportedInterfaceOrientations_iPad = "UIInterfaceOrientationPortrait UIInterfaceOrientationPortraitUpsideDown UIInterfaceOrientationLandscapeLeft UIInterfaceOrientationLandscapeRight";
				INFOPLIST_KEY_UISupportedInterfaceOrientations_iPhone = "UIInterfaceOrientationPortrait UIInterfaceOrientationLandscapeLeft UIInterfaceOrientationLandscapeRight";
				LD_RUNPATH_SEARCH_PATHS = (
					"$(inherited)",
					"@executable_path/Frameworks",
				);
				MARKETING_VERSION = 1.0;
				PRODUCT_BUNDLE_IDENTIFIER = "Abdul-Wahid.Pokemon";
				PRODUCT_NAME = "$(TARGET_NAME)";
				SWIFT_EMIT_LOC_STRINGS = YES;
				SWIFT_VERSION = 5.0;
				TARGETED_DEVICE_FAMILY = "1,2";
			};
			name = Release;
		};
/* End XCBuildConfiguration section */

/* Begin XCConfigurationList section */
		EAEC4C7E2C7F8FBD00B95F5E /* Build configuration list for PBXProject "Pokemon" */ = {
			isa = XCConfigurationList;
			buildConfigurations = (
				EAEC4C8F2C7F8FC000B95F5E /* Debug */,
				EAEC4C902C7F8FC000B95F5E /* Release */,
			);
			defaultConfigurationIsVisible = 0;
			defaultConfigurationName = Release;
		};
		EAEC4C912C7F8FC000B95F5E /* Build configuration list for PBXNativeTarget "Pokemon" */ = {
			isa = XCConfigurationList;
			buildConfigurations = (
				EAEC4C922C7F8FC000B95F5E /* Debug */,
				EAEC4C932C7F8FC000B95F5E /* Release */,
			);
			defaultConfigurationIsVisible = 0;
			defaultConfigurationName = Release;
		};
/* End XCConfigurationList section */
	};
	rootObject = EAEC4C7B2C7F8FBD00B95F5E /* Project object */;
}
